{
  "version": 4,
  "terraform_version": "1.0.0",
  "serial": 5,
  "lineage": "dddc5aec-47e9-7b40-58f9-acc22a676ada",
  "outputs": {
    "kubernetes_cluster_host": {
      "value": "34.147.35.66",
      "type": "string"
    },
    "kubernetes_cluster_name": {
      "value": "webookit-gke",
      "type": "string"
    },
    "project_id": {
      "value": "webookit",
      "type": "string"
    },
    "region": {
      "value": "europe-west4",
      "type": "string"
    }
  },
  "resources": [
    {
      "mode": "managed",
      "type": "google_compute_network",
      "name": "vpc",
      "provider": "provider[\"registry.terraform.io/hashicorp/google\"]",
      "instances": [
        {
          "schema_version": 0,
          "attributes": {
            "auto_create_subnetworks": false,
            "delete_default_routes_on_create": false,
            "description": "",
            "gateway_ipv4": "",
            "id": "projects/webookit/global/networks/webookit-vpc",
            "mtu": 0,
            "name": "webookit-vpc",
            "project": "webookit",
            "routing_mode": "REGIONAL",
            "self_link": "https://www.googleapis.com/compute/v1/projects/webookit/global/networks/webookit-vpc",
            "timeouts": null
          },
          "sensitive_attributes": [],
          "private": "eyJlMmJmYjczMC1lY2FhLTExZTYtOGY4OC0zNDM2M2JjN2M0YzAiOnsiY3JlYXRlIjoyNDAwMDAwMDAwMDAsImRlbGV0ZSI6MjQwMDAwMDAwMDAwLCJ1cGRhdGUiOjI0MDAwMDAwMDAwMH19"
        }
      ]
    },
    {
      "mode": "managed",
      "type": "google_compute_subnetwork",
      "name": "subnet",
      "provider": "provider[\"registry.terraform.io/hashicorp/google\"]",
      "instances": [
        {
          "schema_version": 0,
          "attributes": {
            "creation_timestamp": "2022-02-16T13:16:01.124-08:00",
            "description": "",
            "external_ipv6_prefix": "",
            "fingerprint": null,
            "gateway_address": "10.10.0.1",
            "id": "projects/webookit/regions/europe-west4/subnetworks/webookit-subnet",
            "ip_cidr_range": "10.10.0.0/24",
            "ipv6_access_type": "",
            "ipv6_cidr_range": "",
            "log_config": [],
            "name": "webookit-subnet",
            "network": "https://www.googleapis.com/compute/v1/projects/webookit/global/networks/webookit-vpc",
            "private_ip_google_access": false,
            "private_ipv6_google_access": "DISABLE_GOOGLE_ACCESS",
            "project": "webookit",
            "purpose": "PRIVATE",
            "region": "europe-west4",
            "role": "",
            "secondary_ip_range": [],
            "self_link": "https://www.googleapis.com/compute/v1/projects/webookit/regions/europe-west4/subnetworks/webookit-subnet",
            "stack_type": "IPV4_ONLY",
            "timeouts": null
          },
          "sensitive_attributes": [],
          "private": "eyJlMmJmYjczMC1lY2FhLTExZTYtOGY4OC0zNDM2M2JjN2M0YzAiOnsiY3JlYXRlIjozNjAwMDAwMDAwMDAsImRlbGV0ZSI6MzYwMDAwMDAwMDAwLCJ1cGRhdGUiOjM2MDAwMDAwMDAwMH19",
          "dependencies": [
            "google_compute_network.vpc"
          ]
        }
      ]
    },
    {
      "mode": "managed",
      "type": "google_container_cluster",
      "name": "primary",
      "provider": "provider[\"registry.terraform.io/hashicorp/google\"]",
      "instances": [
        {
          "schema_version": 1,
          "attributes": {
            "addons_config": [
              {
                "cloudrun_config": [],
                "horizontal_pod_autoscaling": [],
                "http_load_balancing": [],
                "network_policy_config": [
                  {
                    "disabled": true
                  }
                ]
              }
            ],
            "authenticator_groups_config": [],
            "cluster_autoscaling": [
              {
                "auto_provisioning_defaults": [],
                "enabled": false,
                "resource_limits": []
              }
            ],
            "cluster_ipv4_cidr": "10.28.0.0/14",
            "database_encryption": [
              {
                "key_name": "",
                "state": "DECRYPTED"
              }
            ],
            "datapath_provider": "",
            "default_max_pods_per_node": 110,
            "default_snat_status": [
              {
                "disabled": false
              }
            ],
            "description": "",
            "enable_autopilot": false,
            "enable_binary_authorization": false,
            "enable_intranode_visibility": false,
            "enable_kubernetes_alpha": false,
            "enable_legacy_abac": false,
            "enable_shielded_nodes": true,
            "enable_tpu": false,
            "endpoint": "34.147.35.66",
            "id": "projects/webookit/locations/europe-west4/clusters/webookit-gke",
            "initial_node_count": 1,
            "ip_allocation_policy": [
              {
                "cluster_ipv4_cidr_block": "10.28.0.0/14",
                "cluster_secondary_range_name": "gke-webookit-gke-pods-d9215e51",
                "services_ipv4_cidr_block": "10.32.0.0/20",
                "services_secondary_range_name": "gke-webookit-gke-services-d9215e51"
              }
            ],
            "label_fingerprint": "a9dc16a7",
            "location": "europe-west4",
            "logging_config": [
              {
                "enable_components": [
                  "SYSTEM_COMPONENTS",
                  "WORKLOADS"
                ]
              }
            ],
            "logging_service": "logging.googleapis.com/kubernetes",
            "maintenance_policy": [],
            "master_auth": [
              {
                "client_certificate": "",
                "client_certificate_config": [
                  {
                    "issue_client_certificate": false
                  }
                ],
                "client_key": "",
                "cluster_ca_certificate": "LS0tLS1CRUdJTiBDRVJUSUZJQ0FURS0tLS0tCk1JSUVMRENDQXBTZ0F3SUJBZ0lRTTI0blNTUEo5NFVqc093NUpmendhREFOQmdrcWhraUc5dzBCQVFzRkFEQXYKTVMwd0t3WURWUVFERXlSaE4yVTNNbU15WkMxaE1URXpMVFJqWXpVdE9EUTVNQzA0TVRkalpETmtNV1l6TkRRdwpJQmNOTWpJd01qRTJNakF4TmpJMFdoZ1BNakExTWpBeU1Ea3lNVEUyTWpSYU1DOHhMVEFyQmdOVkJBTVRKR0UzClpUY3lZekprTFdFeE1UTXROR05qTlMwNE5Ea3dMVGd4TjJOa00yUXhaak0wTkRDQ0FhSXdEUVlKS29aSWh2Y04KQVFFQkJRQURnZ0dQQURDQ0FZb0NnZ0dCQU5Fb0lCblhVOHJaem40cSt2dDVVSFpRaVBISGZiNFY4YVYwcnljMQo1RWF6OGV4Z2ZiSDhqazNJRXdnTldrUkJYMmpVTEt2UTkxZDVUbjRFWDh0OWpPQnR5dkR5NEZlc2FlQ2tadjRqCkhiUFhlRWsvRUR5NWh5ZzdqUVpNeGdBa1k0ekFmMkFCOWllWXU3RDhqbFJYNzljOHRFNWF1Yk05dUVERXNacTkKN29XRkVyZnJPZ0xLdEFlWCtnV3Q5WlA3TXJObTNrckhFcW5lKzZ2QkhFSk1aTjIrSnpRLy9WdlFqdUg2YWVRZQo3bGN4ZGV0bnVuK29hL013M1lWSFFYZkYxN09ORG5GU2NkRzdJMFRXNitmT1Q5SzE4TEduN3h2SUFHdnc2YjU4ClIrRWJ5RWl4R0loM0pxanBWSDNhdEJYUGJjOHlIYTVFUnNZaVUzc092bW0vWUVLU3NldTltSFRjR1ZVTTZ3TGcKRTdYMjZySVBDK0dYdWpsQ2xyVUFHcnAwdEpiN0FDblk3L0c4UG9NQzY5WlFoWGQ0Y3V4Vkp5ZXVpR2pqSmN3aQo0ZnFqMnZ2TC9XRnNYbFlnamJJSXJtL1VnOFkySFJkS1VCWTU0ZzU1SXZseVc2TjJKRGliSnNXUnptQTdlSHM4CmlzdWJLZmg5Z1hqMVp1RUNEem1DRFNrSVJ3SURBUUFCbzBJd1FEQU9CZ05WSFE4QkFmOEVCQU1DQWdRd0R3WUQKVlIwVEFRSC9CQVV3QXdFQi96QWRCZ05WSFE0RUZnUVVmVExYU1QxOTQ5R3JQcVV0c1ZYZWJ6a2hyU293RFFZSgpLb1pJaHZjTkFRRUxCUUFEZ2dHQkFNV3ZpZ0YrZFloNUdqdFU3anRKYVB6VDZBU1Jwc29rNzJueFBsMWptMjJmCnlUeUhnQVJtNDIyWVMreVczdC9FazIyckxBT3BtdExMT2FvcENqTE91UndPL0YwRWZ4MWlJaC9qSGowait4NmsKUUdVWDhQYVU5djdWTnVZWjh5V2c4QXU1N3ZlUE9GNjJOajZHWEFFRTJMUGJ4OFhCUkFEQ0lDZEtMbWdtbU94eQpkZGN5cGVVanV4NTl5SzlKNTRHZVRZdlVYVzVXZUVCSUx4YVRrV1V4MjJwTGwzYzlHVGdJUCtIZUc3ckdHZTY2CllINjFGL3pWWHFjNHlCWXQ4bEtpSTQ2Zm8wRjhvRWVxaHZDWnB2MFptcTQzMnJkWVBKLzBuRTh0TU5aUHJ0VlkKam1mZXZWaUMrNlNvYnVXTEc1dkEzN2I5Ym1mdEVGa2hTekd6S2tzYytHSTBiMVA1T3RxUUF3SzU1LzEvaThsdQorUEZVSGtGUGx4R2NwaS91am9pRkxaMVdHOTg3TmszWTQvMDEzaUtBTXZTOCtPd1VaZmhzY2NJbTk3WEtpL1pQCm9tK2FwVzAwV3ExOUtHUTc5VWhDU0FVTHZXNGpFb2dDUDQ2WWZsblBtYlM2QzVzdDZTUFdiV0xxeUovakJ3cGwKempRRDBKRmI0RkVXcjJyS2o0R3EvQT09Ci0tLS0tRU5EIENFUlRJRklDQVRFLS0tLS0K"
              }
            ],
            "master_authorized_networks_config": [],
            "master_version": "1.21.6-gke.1500",
            "min_master_version": null,
            "monitoring_config": [
              {
                "enable_components": [
                  "SYSTEM_COMPONENTS"
                ]
              }
            ],
            "monitoring_service": "monitoring.googleapis.com/kubernetes",
            "name": "webookit-gke",
            "network": "projects/webookit/global/networks/webookit-vpc",
            "network_policy": [
              {
                "enabled": false,
                "provider": "PROVIDER_UNSPECIFIED"
              }
            ],
            "networking_mode": "VPC_NATIVE",
            "node_config": [],
            "node_locations": [
              "europe-west4-a",
              "europe-west4-b",
              "europe-west4-c"
            ],
            "node_pool": [],
            "node_version": "1.21.6-gke.1500",
            "operation": null,
            "private_cluster_config": [],
            "private_ipv6_google_access": "",
            "project": "webookit",
            "release_channel": [
              {
                "channel": "REGULAR"
              }
            ],
            "remove_default_node_pool": true,
            "resource_labels": null,
            "resource_usage_export_config": [],
            "self_link": "https://container.googleapis.com/v1/projects/webookit/locations/europe-west4/clusters/webookit-gke",
            "services_ipv4_cidr": "10.32.0.0/20",
            "subnetwork": "projects/webookit/regions/europe-west4/subnetworks/webookit-subnet",
            "timeouts": null,
            "tpu_ipv4_cidr_block": "",
            "vertical_pod_autoscaling": [],
            "workload_identity_config": []
          },
          "sensitive_attributes": [],
          "private": "eyJlMmJmYjczMC1lY2FhLTExZTYtOGY4OC0zNDM2M2JjN2M0YzAiOnsiY3JlYXRlIjoyNDAwMDAwMDAwMDAwLCJkZWxldGUiOjI0MDAwMDAwMDAwMDAsInJlYWQiOjI0MDAwMDAwMDAwMDAsInVwZGF0ZSI6MzYwMDAwMDAwMDAwMH0sInNjaGVtYV92ZXJzaW9uIjoiMSJ9",
          "dependencies": [
            "google_compute_network.vpc",
            "google_compute_subnetwork.subnet"
          ]
        }
      ]
    },
    {
      "mode": "managed",
      "type": "google_container_node_pool",
      "name": "primary_nodes",
      "provider": "provider[\"registry.terraform.io/hashicorp/google\"]",
      "instances": [
        {
          "schema_version": 1,
          "attributes": {
            "autoscaling": [],
            "cluster": "webookit-gke",
            "id": "projects/webookit/locations/europe-west4/clusters/webookit-gke/nodePools/webookit-gke-node-pool",
            "initial_node_count": 2,
            "instance_group_urls": [
              "https://www.googleapis.com/compute/v1/projects/webookit/zones/europe-west4-c/instanceGroupManagers/gke-webookit-gke-webookit-gke-node-po-c263a6f3-grp",
              "https://www.googleapis.com/compute/v1/projects/webookit/zones/europe-west4-a/instanceGroupManagers/gke-webookit-gke-webookit-gke-node-po-e5471713-grp",
              "https://www.googleapis.com/compute/v1/projects/webookit/zones/europe-west4-b/instanceGroupManagers/gke-webookit-gke-webookit-gke-node-po-c8a5508d-grp"
            ],
            "location": "europe-west4",
            "managed_instance_group_urls": [
              "https://www.googleapis.com/compute/v1/projects/webookit/zones/europe-west4-c/instanceGroups/gke-webookit-gke-webookit-gke-node-po-c263a6f3-grp",
              "https://www.googleapis.com/compute/v1/projects/webookit/zones/europe-west4-a/instanceGroups/gke-webookit-gke-webookit-gke-node-po-e5471713-grp",
              "https://www.googleapis.com/compute/v1/projects/webookit/zones/europe-west4-b/instanceGroups/gke-webookit-gke-webookit-gke-node-po-c8a5508d-grp"
            ],
            "management": [
              {
                "auto_repair": true,
                "auto_upgrade": true
              }
            ],
            "max_pods_per_node": 110,
            "name": "webookit-gke-node-pool",
            "name_prefix": "",
            "node_config": [
              {
                "disk_size_gb": 100,
                "disk_type": "pd-standard",
                "guest_accelerator": [],
                "image_type": "COS_CONTAINERD",
                "labels": {
                  "env": "webookit"
                },
                "local_ssd_count": 0,
                "machine_type": "n1-standard-1",
                "metadata": {
                  "disable-legacy-endpoints": "true"
                },
                "min_cpu_platform": "",
                "oauth_scopes": [
                  "https://www.googleapis.com/auth/logging.write",
                  "https://www.googleapis.com/auth/monitoring"
                ],
                "preemptible": false,
                "service_account": "default",
                "shielded_instance_config": [
                  {
                    "enable_integrity_monitoring": true,
                    "enable_secure_boot": false
                  }
                ],
                "tags": [
                  "gke-node",
                  "webookit-gke"
                ],
                "taint": [],
                "workload_metadata_config": []
              }
            ],
            "node_count": 2,
            "node_locations": [
              "europe-west4-a",
              "europe-west4-b",
              "europe-west4-c"
            ],
            "operation": null,
            "project": "webookit",
            "timeouts": null,
            "upgrade_settings": [
              {
                "max_surge": 1,
                "max_unavailable": 0
              }
            ],
            "version": "1.21.6-gke.1500"
          },
          "sensitive_attributes": [],
          "private": "eyJlMmJmYjczMC1lY2FhLTExZTYtOGY4OC0zNDM2M2JjN2M0YzAiOnsiY3JlYXRlIjoxODAwMDAwMDAwMDAwLCJkZWxldGUiOjE4MDAwMDAwMDAwMDAsInVwZGF0ZSI6MTgwMDAwMDAwMDAwMH0sInNjaGVtYV92ZXJzaW9uIjoiMSJ9",
          "dependencies": [
            "google_compute_network.vpc",
            "google_compute_subnetwork.subnet",
            "google_container_cluster.primary"
          ]
        }
      ]
    }
  ]
}
